
Microsoft Visual Studio Solution File, Format Version 12.00
# Visual Studio Version 16
VisualStudioVersion = 16.0.30804.86
MinimumVisualStudioVersion = 10.0.40219.1
Project("{9A19103F-16F7-4668-BE54-9A1E7A4F7556}") = "Avanade.CRUD", "Avanade.CRUD.csproj", "{8888F346-AB38-4B67-BEB6-F877A969F807}"
EndProject
Global
	GlobalSection(SolutionConfigurationPlatforms) = preSolution
		Debug|Any CPU = Debug|Any CPU
		Release|Any CPU = Release|Any CPU
	EndGlobalSection
	GlobalSection(ProjectConfigurationPlatforms) = postSolution
		{8888F346-AB38-4B67-BEB6-F877A969F807}.Debug|Any CPU.ActiveCfg = Debug|Any CPU
		{8888F346-AB38-4B67-BEB6-F877A969F807}.Debug|Any CPU.Build.0 = Debug|Any CPU
		{8888F346-AB38-4B67-BEB6-F877A969F807}.Release|Any CPU.ActiveCfg = Release|Any CPU
		{8888F346-AB38-4B67-BEB6-F877A969F807}.Release|Any CPU.Build.0 = Release|Any CPU
	EndGlobalSection
	GlobalSection(SolutionProperties) = preSolution
		HideSolutionNode = FALSE
	EndGlobalSection
	GlobalSection(ExtensibilityGlobals) = postSolution
		SolutionGuid = {1ED4B18D-4100-4358-89F5-AD995027CBE7}
	EndGlobalSection
EndGlobal
